
Microsoft Visual Studio Solution File, Format Version 12.00
# Visual Studio Version 17
VisualStudioVersion = 17.12.35707.178
MinimumVisualStudioVersion = 10.0.40219.1
Project("{8BC9CEB8-8B4A-11D0-8D11-00A0C91BC942}") = "Editor_Window", "Editor_Window\Editor_Window.vcxproj", "{86D98BC4-CEB1-4BDF-BE42-F233EC592223}"
EndProject
Project("{8BC9CEB8-8B4A-11D0-8D11-00A0C91BC942}") = "JunseobEngine_SOURCE", "JunseobEngine_SOURCE\JunseobEngine_SOURCE.vcxitems", "{1EB1BCC1-A3CD-479E-AB11-B596B5C4C837}"
EndProject
Project("{8BC9CEB8-8B4A-11D0-8D11-00A0C91BC942}") = "JunseobEngine_Window", "JunseobEngine_Window\JunseobEngine_Window.vcxproj", "{BEEE7027-B661-49BF-8E13-A0AE3FB49CEE}"
EndProject
Global
	GlobalSection(SolutionConfigurationPlatforms) = preSolution
		Debug|x64 = Debug|x64
		Debug|x86 = Debug|x86
		Release|x64 = Release|x64
		Release|x86 = Release|x86
	EndGlobalSection
	GlobalSection(ProjectConfigurationPlatforms) = postSolution
		{86D98BC4-CEB1-4BDF-BE42-F233EC592223}.Debug|x64.ActiveCfg = Debug|x64
		{86D98BC4-CEB1-4BDF-BE42-F233EC592223}.Debug|x64.Build.0 = Debug|x64
		{86D98BC4-CEB1-4BDF-BE42-F233EC592223}.Debug|x86.ActiveCfg = Debug|Win32
		{86D98BC4-CEB1-4BDF-BE42-F233EC592223}.Debug|x86.Build.0 = Debug|Win32
		{86D98BC4-CEB1-4BDF-BE42-F233EC592223}.Release|x64.ActiveCfg = Release|x64
		{86D98BC4-CEB1-4BDF-BE42-F233EC592223}.Release|x64.Build.0 = Release|x64
		{86D98BC4-CEB1-4BDF-BE42-F233EC592223}.Release|x86.ActiveCfg = Release|Win32
		{86D98BC4-CEB1-4BDF-BE42-F233EC592223}.Release|x86.Build.0 = Release|Win32
		{BEEE7027-B661-49BF-8E13-A0AE3FB49CEE}.Debug|x64.ActiveCfg = Debug|x64
		{BEEE7027-B661-49BF-8E13-A0AE3FB49CEE}.Debug|x64.Build.0 = Debug|x64
		{BEEE7027-B661-49BF-8E13-A0AE3FB49CEE}.Debug|x86.ActiveCfg = Debug|Win32
		{BEEE7027-B661-49BF-8E13-A0AE3FB49CEE}.Debug|x86.Build.0 = Debug|Win32
		{BEEE7027-B661-49BF-8E13-A0AE3FB49CEE}.Release|x64.ActiveCfg = Release|x64
		{BEEE7027-B661-49BF-8E13-A0AE3FB49CEE}.Release|x64.Build.0 = Release|x64
		{BEEE7027-B661-49BF-8E13-A0AE3FB49CEE}.Release|x86.ActiveCfg = Release|Win32
		{BEEE7027-B661-49BF-8E13-A0AE3FB49CEE}.Release|x86.Build.0 = Release|Win32
	EndGlobalSection
	GlobalSection(SolutionProperties) = preSolution
		HideSolutionNode = FALSE
	EndGlobalSection
	GlobalSection(SharedMSBuildProjectFiles) = preSolution
		JunseobEngine_SOURCE\JunseobEngine_SOURCE.vcxitems*{1eb1bcc1-a3cd-479e-ab11-b596b5c4c837}*SharedItemsImports = 9
		JunseobEngine_SOURCE\JunseobEngine_SOURCE.vcxitems*{beee7027-b661-49bf-8e13-a0ae3fb49cee}*SharedItemsImports = 4
	EndGlobalSection
EndGlobal
